// !$*UTF8*$!
{
	archiveVersion = 1;
	classes = {
	};
	objectVersion = 54;
	objects = {

/* Begin PBXBuildFile section */
		00E356F31AD99517003FC87E /* ASM_PH34273_CRO102Tests.m in Sources */ = {isa = PBXBuildFile; fileRef = 00E356F21AD99517003FC87E /* ASM_PH34273_CRO102Tests.m */; };
		0C80B921A6F3F58F76C31292 /* libPods-ASM_PH34273_CRO102.a in Frameworks */ = {isa = PBXBuildFile; fileRef = 5DCACB8F33CDC322A6C60F78 /* libPods-ASM_PH34273_CRO102.a */; };
		13B07FBC1A68108700A75B9A /* AppDelegate.mm in Sources */ = {isa = PBXBuildFile; fileRef = 13B07FB01A68108700A75B9A /* AppDelegate.mm */; };
		13B07FBF1A68108700A75B9A /* Images.xcassets in Resources */ = {isa = PBXBuildFile; fileRef = 13B07FB51A68108700A75B9A /* Images.xcassets */; };
		13B07FC11A68108700A75B9A /* main.m in Sources */ = {isa = PBXBuildFile; fileRef = 13B07FB71A68108700A75B9A /* main.m */; };
		7699B88040F8A987B510C191 /* libPods-ASM_PH34273_CRO102-ASM_PH34273_CRO102Tests.a in Frameworks */ = {isa = PBXBuildFile; fileRef = 19F6CBCC0A4E27FBF8BF4A61 /* libPods-ASM_PH34273_CRO102-ASM_PH34273_CRO102Tests.a */; };
		81AB9BB82411601600AC10FF /* LaunchScreen.storyboard in Resources */ = {isa = PBXBuildFile; fileRef = 81AB9BB72411601600AC10FF /* LaunchScreen.storyboard */; };
		5060F719CB9845E992A896AA /* Sono-VariableFont_MONO,wght.ttf in Resources */ = {isa = PBXBuildFile; fileRef = 9B544BF33FBC4FA4A265A289 /* Sono-VariableFont_MONO,wght.ttf */; };
		17B6D83CBD4D4C8594ECF4A8 /* Sono-Bold.ttf in Resources */ = {isa = PBXBuildFile; fileRef = 91BEB41B018A4375B6A27C8C /* Sono-Bold.ttf */; };
		BE36797FBFEE49A597008831 /* Sono-ExtraBold.ttf in Resources */ = {isa = PBXBuildFile; fileRef = 283F4F39129F42DFA922E1A1 /* Sono-ExtraBold.ttf */; };
		8D4AE042138A4EA2BF6C9A94 /* Sono-ExtraLight.ttf in Resources */ = {isa = PBXBuildFile; fileRef = 4E134156A3CD4BF08E0A1E7D /* Sono-ExtraLight.ttf */; };
		01781A5E51F448D9A34FB16E /* Sono-Light.ttf in Resources */ = {isa = PBXBuildFile; fileRef = 273DE334ACB74EFEB6EF5C42 /* Sono-Light.ttf */; };
		A63DD097B86546AAB048B5EA /* Sono-Medium.ttf in Resources */ = {isa = PBXBuildFile; fileRef = FF75A603449647AA9DFC6A4A /* Sono-Medium.ttf */; };
		A8762E32CE024A358EB202CD /* Sono-Regular.ttf in Resources */ = {isa = PBXBuildFile; fileRef = 1DFD20FEEBA14E6C96EFC7BA /* Sono-Regular.ttf */; };
		653FDE14B3BC4283B5291358 /* Sono-SemiBold.ttf in Resources */ = {isa = PBXBuildFile; fileRef = C8FBE89A540446638D990C52 /* Sono-SemiBold.ttf */; };
		F8E6D4A40AAC4102B73672EC /* Sono_Proportional-Bold.ttf in Resources */ = {isa = PBXBuildFile; fileRef = BEDB5397045044FFAC536E8A /* Sono_Proportional-Bold.ttf */; };
		0346E93251284B81B35F158D /* Sono_Proportional-ExtraBold.ttf in Resources */ = {isa = PBXBuildFile; fileRef = 7BE590AB4B7F48AC8C136A9A /* Sono_Proportional-ExtraBold.ttf */; };
		8E744FA0A6A745BB8C9C0EDF /* Sono_Proportional-ExtraLight.ttf in Resources */ = {isa = PBXBuildFile; fileRef = 0D4306DD7DC747949463CEE1 /* Sono_Proportional-ExtraLight.ttf */; };
		097C65E0E06047939D727067 /* Sono_Proportional-Light.ttf in Resources */ = {isa = PBXBuildFile; fileRef = 8FBD462729B64D3E97264563 /* Sono_Proportional-Light.ttf */; };
		F304E613A4114CF5B0242812 /* Sono_Proportional-Medium.ttf in Resources */ = {isa = PBXBuildFile; fileRef = 2DAA63B8FB6D4D5B899F672A /* Sono_Proportional-Medium.ttf */; };
		416B35CF1C0E4F92A50155E1 /* Sono_Proportional-Regular.ttf in Resources */ = {isa = PBXBuildFile; fileRef = 223D616F2EED4C8285224D6C /* Sono_Proportional-Regular.ttf */; };
		37FF0EA3D11943D9BD05AFCC /* Sono_Proportional-SemiBold.ttf in Resources */ = {isa = PBXBuildFile; fileRef = F5F2C73B9563432AAA0D2931 /* Sono_Proportional-SemiBold.ttf */; };
		3485C6A67D104B938BB49842 /* OFL.txt in Resources */ = {isa = PBXBuildFile; fileRef = E4B73DC184B043E0934DDE27 /* OFL.txt */; };
		A6A6C4A9B537449E8B3B5A66 /* README.txt in Resources */ = {isa = PBXBuildFile; fileRef = 69265D5D86764E43AE52287F /* README.txt */; };
/* End PBXBuildFile section */

/* Begin PBXContainerItemProxy section */
		00E356F41AD99517003FC87E /* PBXContainerItemProxy */ = {
			isa = PBXContainerItemProxy;
			containerPortal = 83CBB9F71A601CBA00E9B192 /* Project object */;
			proxyType = 1;
			remoteGlobalIDString = 13B07F861A680F5B00A75B9A;
			remoteInfo = ASM_PH34273_CRO102;
		};
/* End PBXContainerItemProxy section */

/* Begin PBXFileReference section */
		00E356EE1AD99517003FC87E /* ASM_PH34273_CRO102Tests.xctest */ = {isa = PBXFileReference; explicitFileType = wrapper.cfbundle; includeInIndex = 0; path = ASM_PH34273_CRO102Tests.xctest; sourceTree = BUILT_PRODUCTS_DIR; };
		00E356F11AD99517003FC87E /* Info.plist */ = {isa = PBXFileReference; lastKnownFileType = text.plist.xml; path = Info.plist; sourceTree = "<group>"; };
		00E356F21AD99517003FC87E /* ASM_PH34273_CRO102Tests.m */ = {isa = PBXFileReference; lastKnownFileType = sourcecode.c.objc; path = ASM_PH34273_CRO102Tests.m; sourceTree = "<group>"; };
		13B07F961A680F5B00A75B9A /* ASM_PH34273_CRO102.app */ = {isa = PBXFileReference; explicitFileType = wrapper.application; includeInIndex = 0; path = ASM_PH34273_CRO102.app; sourceTree = BUILT_PRODUCTS_DIR; };
		13B07FAF1A68108700A75B9A /* AppDelegate.h */ = {isa = PBXFileReference; fileEncoding = 4; lastKnownFileType = sourcecode.c.h; name = AppDelegate.h; path = ASM_PH34273_CRO102/AppDelegate.h; sourceTree = "<group>"; };
		13B07FB01A68108700A75B9A /* AppDelegate.mm */ = {isa = PBXFileReference; fileEncoding = 4; lastKnownFileType = sourcecode.cpp.objcpp; name = AppDelegate.mm; path = ASM_PH34273_CRO102/AppDelegate.mm; sourceTree = "<group>"; };
		13B07FB51A68108700A75B9A /* Images.xcassets */ = {isa = PBXFileReference; lastKnownFileType = folder.assetcatalog; name = Images.xcassets; path = ASM_PH34273_CRO102/Images.xcassets; sourceTree = "<group>"; };
		13B07FB61A68108700A75B9A /* Info.plist */ = {isa = PBXFileReference; fileEncoding = 4; lastKnownFileType = text.plist.xml; name = Info.plist; path = ASM_PH34273_CRO102/Info.plist; sourceTree = "<group>"; };
		13B07FB71A68108700A75B9A /* main.m */ = {isa = PBXFileReference; fileEncoding = 4; lastKnownFileType = sourcecode.c.objc; name = main.m; path = ASM_PH34273_CRO102/main.m; sourceTree = "<group>"; };
		19F6CBCC0A4E27FBF8BF4A61 /* libPods-ASM_PH34273_CRO102-ASM_PH34273_CRO102Tests.a */ = {isa = PBXFileReference; explicitFileType = archive.ar; includeInIndex = 0; path = "libPods-ASM_PH34273_CRO102-ASM_PH34273_CRO102Tests.a"; sourceTree = BUILT_PRODUCTS_DIR; };
		3B4392A12AC88292D35C810B /* Pods-ASM_PH34273_CRO102.debug.xcconfig */ = {isa = PBXFileReference; includeInIndex = 1; lastKnownFileType = text.xcconfig; name = "Pods-ASM_PH34273_CRO102.debug.xcconfig"; path = "Target Support Files/Pods-ASM_PH34273_CRO102/Pods-ASM_PH34273_CRO102.debug.xcconfig"; sourceTree = "<group>"; };
		5709B34CF0A7D63546082F79 /* Pods-ASM_PH34273_CRO102.release.xcconfig */ = {isa = PBXFileReference; includeInIndex = 1; lastKnownFileType = text.xcconfig; name = "Pods-ASM_PH34273_CRO102.release.xcconfig"; path = "Target Support Files/Pods-ASM_PH34273_CRO102/Pods-ASM_PH34273_CRO102.release.xcconfig"; sourceTree = "<group>"; };
		5B7EB9410499542E8C5724F5 /* Pods-ASM_PH34273_CRO102-ASM_PH34273_CRO102Tests.debug.xcconfig */ = {isa = PBXFileReference; includeInIndex = 1; lastKnownFileType = text.xcconfig; name = "Pods-ASM_PH34273_CRO102-ASM_PH34273_CRO102Tests.debug.xcconfig"; path = "Target Support Files/Pods-ASM_PH34273_CRO102-ASM_PH34273_CRO102Tests/Pods-ASM_PH34273_CRO102-ASM_PH34273_CRO102Tests.debug.xcconfig"; sourceTree = "<group>"; };
		5DCACB8F33CDC322A6C60F78 /* libPods-ASM_PH34273_CRO102.a */ = {isa = PBXFileReference; explicitFileType = archive.ar; includeInIndex = 0; path = "libPods-ASM_PH34273_CRO102.a"; sourceTree = BUILT_PRODUCTS_DIR; };
		81AB9BB72411601600AC10FF /* LaunchScreen.storyboard */ = {isa = PBXFileReference; fileEncoding = 4; lastKnownFileType = file.storyboard; name = LaunchScreen.storyboard; path = ASM_PH34273_CRO102/LaunchScreen.storyboard; sourceTree = "<group>"; };
		89C6BE57DB24E9ADA2F236DE /* Pods-ASM_PH34273_CRO102-ASM_PH34273_CRO102Tests.release.xcconfig */ = {isa = PBXFileReference; includeInIndex = 1; lastKnownFileType = text.xcconfig; name = "Pods-ASM_PH34273_CRO102-ASM_PH34273_CRO102Tests.release.xcconfig"; path = "Target Support Files/Pods-ASM_PH34273_CRO102-ASM_PH34273_CRO102Tests/Pods-ASM_PH34273_CRO102-ASM_PH34273_CRO102Tests.release.xcconfig"; sourceTree = "<group>"; };
		ED297162215061F000B7C4FE /* JavaScriptCore.framework */ = {isa = PBXFileReference; lastKnownFileType = wrapper.framework; name = JavaScriptCore.framework; path = System/Library/Frameworks/JavaScriptCore.framework; sourceTree = SDKROOT; };
		9B544BF33FBC4FA4A265A289 /* Sono-VariableFont_MONO,wght.ttf */ = {isa = PBXFileReference; name = "Sono-VariableFont_MONO,wght.ttf"; path = "../assets/fonts/Sono/Sono-VariableFont_MONO,wght.ttf"; sourceTree = "<group>"; fileEncoding = undefined; lastKnownFileType = unknown; explicitFileType = undefined; includeInIndex = 0; };
		91BEB41B018A4375B6A27C8C /* Sono-Bold.ttf */ = {isa = PBXFileReference; name = "Sono-Bold.ttf"; path = "../assets/fonts/Sono/static/Sono-Bold.ttf"; sourceTree = "<group>"; fileEncoding = undefined; lastKnownFileType = unknown; explicitFileType = undefined; includeInIndex = 0; };
		283F4F39129F42DFA922E1A1 /* Sono-ExtraBold.ttf */ = {isa = PBXFileReference; name = "Sono-ExtraBold.ttf"; path = "../assets/fonts/Sono/static/Sono-ExtraBold.ttf"; sourceTree = "<group>"; fileEncoding = undefined; lastKnownFileType = unknown; explicitFileType = undefined; includeInIndex = 0; };
		4E134156A3CD4BF08E0A1E7D /* Sono-ExtraLight.ttf */ = {isa = PBXFileReference; name = "Sono-ExtraLight.ttf"; path = "../assets/fonts/Sono/static/Sono-ExtraLight.ttf"; sourceTree = "<group>"; fileEncoding = undefined; lastKnownFileType = unknown; explicitFileType = undefined; includeInIndex = 0; };
		273DE334ACB74EFEB6EF5C42 /* Sono-Light.ttf */ = {isa = PBXFileReference; name = "Sono-Light.ttf"; path = "../assets/fonts/Sono/static/Sono-Light.ttf"; sourceTree = "<group>"; fileEncoding = undefined; lastKnownFileType = unknown; explicitFileType = undefined; includeInIndex = 0; };
		FF75A603449647AA9DFC6A4A /* Sono-Medium.ttf */ = {isa = PBXFileReference; name = "Sono-Medium.ttf"; path = "../assets/fonts/Sono/static/Sono-Medium.ttf"; sourceTree = "<group>"; fileEncoding = undefined; lastKnownFileType = unknown; explicitFileType = undefined; includeInIndex = 0; };
		1DFD20FEEBA14E6C96EFC7BA /* Sono-Regular.ttf */ = {isa = PBXFileReference; name = "Sono-Regular.ttf"; path = "../assets/fonts/Sono/static/Sono-Regular.ttf"; sourceTree = "<group>"; fileEncoding = undefined; lastKnownFileType = unknown; explicitFileType = undefined; includeInIndex = 0; };
		C8FBE89A540446638D990C52 /* Sono-SemiBold.ttf */ = {isa = PBXFileReference; name = "Sono-SemiBold.ttf"; path = "../assets/fonts/Sono/static/Sono-SemiBold.ttf"; sourceTree = "<group>"; fileEncoding = undefined; lastKnownFileType = unknown; explicitFileType = undefined; includeInIndex = 0; };
		BEDB5397045044FFAC536E8A /* Sono_Proportional-Bold.ttf */ = {isa = PBXFileReference; name = "Sono_Proportional-Bold.ttf"; path = "../assets/fonts/Sono/static/Sono_Proportional-Bold.ttf"; sourceTree = "<group>"; fileEncoding = undefined; lastKnownFileType = unknown; explicitFileType = undefined; includeInIndex = 0; };
		7BE590AB4B7F48AC8C136A9A /* Sono_Proportional-ExtraBold.ttf */ = {isa = PBXFileReference; name = "Sono_Proportional-ExtraBold.ttf"; path = "../assets/fonts/Sono/static/Sono_Proportional-ExtraBold.ttf"; sourceTree = "<group>"; fileEncoding = undefined; lastKnownFileType = unknown; explicitFileType = undefined; includeInIndex = 0; };
		0D4306DD7DC747949463CEE1 /* Sono_Proportional-ExtraLight.ttf */ = {isa = PBXFileReference; name = "Sono_Proportional-ExtraLight.ttf"; path = "../assets/fonts/Sono/static/Sono_Proportional-ExtraLight.ttf"; sourceTree = "<group>"; fileEncoding = undefined; lastKnownFileType = unknown; explicitFileType = undefined; includeInIndex = 0; };
		8FBD462729B64D3E97264563 /* Sono_Proportional-Light.ttf */ = {isa = PBXFileReference; name = "Sono_Proportional-Light.ttf"; path = "../assets/fonts/Sono/static/Sono_Proportional-Light.ttf"; sourceTree = "<group>"; fileEncoding = undefined; lastKnownFileType = unknown; explicitFileType = undefined; includeInIndex = 0; };
		2DAA63B8FB6D4D5B899F672A /* Sono_Proportional-Medium.ttf */ = {isa = PBXFileReference; name = "Sono_Proportional-Medium.ttf"; path = "../assets/fonts/Sono/static/Sono_Proportional-Medium.ttf"; sourceTree = "<group>"; fileEncoding = undefined; lastKnownFileType = unknown; explicitFileType = undefined; includeInIndex = 0; };
		223D616F2EED4C8285224D6C /* Sono_Proportional-Regular.ttf */ = {isa = PBXFileReference; name = "Sono_Proportional-Regular.ttf"; path = "../assets/fonts/Sono/static/Sono_Proportional-Regular.ttf"; sourceTree = "<group>"; fileEncoding = undefined; lastKnownFileType = unknown; explicitFileType = undefined; includeInIndex = 0; };
		F5F2C73B9563432AAA0D2931 /* Sono_Proportional-SemiBold.ttf */ = {isa = PBXFileReference; name = "Sono_Proportional-SemiBold.ttf"; path = "../assets/fonts/Sono/static/Sono_Proportional-SemiBold.ttf"; sourceTree = "<group>"; fileEncoding = undefined; lastKnownFileType = unknown; explicitFileType = undefined; includeInIndex = 0; };
		E4B73DC184B043E0934DDE27 /* OFL.txt */ = {isa = PBXFileReference; name = "OFL.txt"; path = "../assets/fonts/Sono/OFL.txt"; sourceTree = "<group>"; fileEncoding = undefined; lastKnownFileType = unknown; explicitFileType = undefined; includeInIndex = 0; };
		69265D5D86764E43AE52287F /* README.txt */ = {isa = PBXFileReference; name = "README.txt"; path = "../assets/fonts/Sono/README.txt"; sourceTree = "<group>"; fileEncoding = undefined; lastKnownFileType = unknown; explicitFileType = undefined; includeInIndex = 0; };
/* End PBXFileReference section */

/* Begin PBXFrameworksBuildPhase section */
		00E356EB1AD99517003FC87E /* Frameworks */ = {
			isa = PBXFrameworksBuildPhase;
			buildActionMask = 2147483647;
			files = (
				7699B88040F8A987B510C191 /* libPods-ASM_PH34273_CRO102-ASM_PH34273_CRO102Tests.a in Frameworks */,
			);
			runOnlyForDeploymentPostprocessing = 0;
		};
		13B07F8C1A680F5B00A75B9A /* Frameworks */ = {
			isa = PBXFrameworksBuildPhase;
			buildActionMask = 2147483647;
			files = (
				0C80B921A6F3F58F76C31292 /* libPods-ASM_PH34273_CRO102.a in Frameworks */,
			);
			runOnlyForDeploymentPostprocessing = 0;
		};
/* End PBXFrameworksBuildPhase section */

/* Begin PBXGroup section */
		00E356EF1AD99517003FC87E /* ASM_PH34273_CRO102Tests */ = {
			isa = PBXGroup;
			children = (
				00E356F21AD99517003FC87E /* ASM_PH34273_CRO102Tests.m */,
				00E356F01AD99517003FC87E /* Supporting Files */,
			);
			path = ASM_PH34273_CRO102Tests;
			sourceTree = "<group>";
		};
		00E356F01AD99517003FC87E /* Supporting Files */ = {
			isa = PBXGroup;
			children = (
				00E356F11AD99517003FC87E /* Info.plist */,
			);
			name = "Supporting Files";
			sourceTree = "<group>";
		};
		13B07FAE1A68108700A75B9A /* ASM_PH34273_CRO102 */ = {
			isa = PBXGroup;
			children = (
				13B07FAF1A68108700A75B9A /* AppDelegate.h */,
				13B07FB01A68108700A75B9A /* AppDelegate.mm */,
				13B07FB51A68108700A75B9A /* Images.xcassets */,
				13B07FB61A68108700A75B9A /* Info.plist */,
				81AB9BB72411601600AC10FF /* LaunchScreen.storyboard */,
				13B07FB71A68108700A75B9A /* main.m */,
			);
			name = ASM_PH34273_CRO102;
			sourceTree = "<group>";
		};
		2D16E6871FA4F8E400B85C8A /* Frameworks */ = {
			isa = PBXGroup;
			children = (
				ED297162215061F000B7C4FE /* JavaScriptCore.framework */,
				5DCACB8F33CDC322A6C60F78 /* libPods-ASM_PH34273_CRO102.a */,
				19F6CBCC0A4E27FBF8BF4A61 /* libPods-ASM_PH34273_CRO102-ASM_PH34273_CRO102Tests.a */,
			);
			name = Frameworks;
			sourceTree = "<group>";
		};
		832341AE1AAA6A7D00B99B32 /* Libraries */ = {
			isa = PBXGroup;
			children = (
			);
			name = Libraries;
			sourceTree = "<group>";
		};
		83CBB9F61A601CBA00E9B192 = {
			isa = PBXGroup;
			children = (
				13B07FAE1A68108700A75B9A /* ASM_PH34273_CRO102 */,
				832341AE1AAA6A7D00B99B32 /* Libraries */,
				00E356EF1AD99517003FC87E /* ASM_PH34273_CRO102Tests */,
				83CBBA001A601CBA00E9B192 /* Products */,
				2D16E6871FA4F8E400B85C8A /* Frameworks */,
				BBD78D7AC51CEA395F1C20DB /* Pods */,
				0E273D99E50A4EE3BBF70289 /* Resources */,
			);
			indentWidth = 2;
			sourceTree = "<group>";
			tabWidth = 2;
			usesTabs = 0;
		};
		83CBBA001A601CBA00E9B192 /* Products */ = {
			isa = PBXGroup;
			children = (
				13B07F961A680F5B00A75B9A /* ASM_PH34273_CRO102.app */,
				00E356EE1AD99517003FC87E /* ASM_PH34273_CRO102Tests.xctest */,
			);
			name = Products;
			sourceTree = "<group>";
		};
		BBD78D7AC51CEA395F1C20DB /* Pods */ = {
			isa = PBXGroup;
			children = (
				3B4392A12AC88292D35C810B /* Pods-ASM_PH34273_CRO102.debug.xcconfig */,
				5709B34CF0A7D63546082F79 /* Pods-ASM_PH34273_CRO102.release.xcconfig */,
				5B7EB9410499542E8C5724F5 /* Pods-ASM_PH34273_CRO102-ASM_PH34273_CRO102Tests.debug.xcconfig */,
				89C6BE57DB24E9ADA2F236DE /* Pods-ASM_PH34273_CRO102-ASM_PH34273_CRO102Tests.release.xcconfig */,
			);
			path = Pods;
			sourceTree = "<group>";
		};
		0E273D99E50A4EE3BBF70289 /* Resources */ = {
			isa = "PBXGroup";
			children = (
				9B544BF33FBC4FA4A265A289 /* Sono-VariableFont_MONO,wght.ttf */,
				91BEB41B018A4375B6A27C8C /* Sono-Bold.ttf */,
				283F4F39129F42DFA922E1A1 /* Sono-ExtraBold.ttf */,
				4E134156A3CD4BF08E0A1E7D /* Sono-ExtraLight.ttf */,
				273DE334ACB74EFEB6EF5C42 /* Sono-Light.ttf */,
				FF75A603449647AA9DFC6A4A /* Sono-Medium.ttf */,
				1DFD20FEEBA14E6C96EFC7BA /* Sono-Regular.ttf */,
				C8FBE89A540446638D990C52 /* Sono-SemiBold.ttf */,
				BEDB5397045044FFAC536E8A /* Sono_Proportional-Bold.ttf */,
				7BE590AB4B7F48AC8C136A9A /* Sono_Proportional-ExtraBold.ttf */,
				0D4306DD7DC747949463CEE1 /* Sono_Proportional-ExtraLight.ttf */,
				8FBD462729B64D3E97264563 /* Sono_Proportional-Light.ttf */,
				2DAA63B8FB6D4D5B899F672A /* Sono_Proportional-Medium.ttf */,
				223D616F2EED4C8285224D6C /* Sono_Proportional-Regular.ttf */,
				F5F2C73B9563432AAA0D2931 /* Sono_Proportional-SemiBold.ttf */,
				E4B73DC184B043E0934DDE27 /* OFL.txt */,
				69265D5D86764E43AE52287F /* README.txt */,
			);
			name = Resources;
			sourceTree = "<group>";
			path = "";
		};
/* End PBXGroup section */

/* Begin PBXNativeTarget section */
		00E356ED1AD99517003FC87E /* ASM_PH34273_CRO102Tests */ = {
			isa = PBXNativeTarget;
			buildConfigurationList = 00E357021AD99517003FC87E /* Build configuration list for PBXNativeTarget "ASM_PH34273_CRO102Tests" */;
			buildPhases = (
				A55EABD7B0C7F3A422A6CC61 /* [CP] Check Pods Manifest.lock */,
				00E356EA1AD99517003FC87E /* Sources */,
				00E356EB1AD99517003FC87E /* Frameworks */,
				00E356EC1AD99517003FC87E /* Resources */,
				C59DA0FBD6956966B86A3779 /* [CP] Embed Pods Frameworks */,
				F6A41C54EA430FDDC6A6ED99 /* [CP] Copy Pods Resources */,
			);
			buildRules = (
			);
			dependencies = (
				00E356F51AD99517003FC87E /* PBXTargetDependency */,
			);
			name = ASM_PH34273_CRO102Tests;
			productName = ASM_PH34273_CRO102Tests;
			productReference = 00E356EE1AD99517003FC87E /* ASM_PH34273_CRO102Tests.xctest */;
			productType = "com.apple.product-type.bundle.unit-test";
		};
		13B07F861A680F5B00A75B9A /* ASM_PH34273_CRO102 */ = {
			isa = PBXNativeTarget;
			buildConfigurationList = 13B07F931A680F5B00A75B9A /* Build configuration list for PBXNativeTarget "ASM_PH34273_CRO102" */;
			buildPhases = (
				C38B50BA6285516D6DCD4F65 /* [CP] Check Pods Manifest.lock */,
				13B07F871A680F5B00A75B9A /* Sources */,
				13B07F8C1A680F5B00A75B9A /* Frameworks */,
				13B07F8E1A680F5B00A75B9A /* Resources */,
				00DD1BFF1BD5951E006B06BC /* Bundle React Native code and images */,
				00EEFC60759A1932668264C0 /* [CP] Embed Pods Frameworks */,
				E235C05ADACE081382539298 /* [CP] Copy Pods Resources */,
			);
			buildRules = (
			);
			dependencies = (
			);
			name = ASM_PH34273_CRO102;
			productName = ASM_PH34273_CRO102;
			productReference = 13B07F961A680F5B00A75B9A /* ASM_PH34273_CRO102.app */;
			productType = "com.apple.product-type.application";
		};
/* End PBXNativeTarget section */

/* Begin PBXProject section */
		83CBB9F71A601CBA00E9B192 /* Project object */ = {
			isa = PBXProject;
			attributes = {
				LastUpgradeCheck = 1210;
				TargetAttributes = {
					00E356ED1AD99517003FC87E = {
						CreatedOnToolsVersion = 6.2;
						TestTargetID = 13B07F861A680F5B00A75B9A;
					};
					13B07F861A680F5B00A75B9A = {
						LastSwiftMigration = 1120;
					};
				};
			};
			buildConfigurationList = 83CBB9FA1A601CBA00E9B192 /* Build configuration list for PBXProject "ASM_PH34273_CRO102" */;
			compatibilityVersion = "Xcode 12.0";
			developmentRegion = en;
			hasScannedForEncodings = 0;
			knownRegions = (
				en,
				Base,
			);
			mainGroup = 83CBB9F61A601CBA00E9B192;
			productRefGroup = 83CBBA001A601CBA00E9B192 /* Products */;
			projectDirPath = "";
			projectRoot = "";
			targets = (
				13B07F861A680F5B00A75B9A /* ASM_PH34273_CRO102 */,
				00E356ED1AD99517003FC87E /* ASM_PH34273_CRO102Tests */,
			);
		};
/* End PBXProject section */

/* Begin PBXResourcesBuildPhase section */
		00E356EC1AD99517003FC87E /* Resources */ = {
			isa = PBXResourcesBuildPhase;
			buildActionMask = 2147483647;
			files = (
			);
			runOnlyForDeploymentPostprocessing = 0;
		};
		13B07F8E1A680F5B00A75B9A /* Resources */ = {
			isa = PBXResourcesBuildPhase;
			buildActionMask = 2147483647;
			files = (
				81AB9BB82411601600AC10FF /* LaunchScreen.storyboard in Resources */,
				13B07FBF1A68108700A75B9A /* Images.xcassets in Resources */,
				5060F719CB9845E992A896AA /* Sono-VariableFont_MONO,wght.ttf in Resources */,
				17B6D83CBD4D4C8594ECF4A8 /* Sono-Bold.ttf in Resources */,
				BE36797FBFEE49A597008831 /* Sono-ExtraBold.ttf in Resources */,
				8D4AE042138A4EA2BF6C9A94 /* Sono-ExtraLight.ttf in Resources */,
				01781A5E51F448D9A34FB16E /* Sono-Light.ttf in Resources */,
				A63DD097B86546AAB048B5EA /* Sono-Medium.ttf in Resources */,
				A8762E32CE024A358EB202CD /* Sono-Regular.ttf in Resources */,
				653FDE14B3BC4283B5291358 /* Sono-SemiBold.ttf in Resources */,
				F8E6D4A40AAC4102B73672EC /* Sono_Proportional-Bold.ttf in Resources */,
				0346E93251284B81B35F158D /* Sono_Proportional-ExtraBold.ttf in Resources */,
				8E744FA0A6A745BB8C9C0EDF /* Sono_Proportional-ExtraLight.ttf in Resources */,
				097C65E0E06047939D727067 /* Sono_Proportional-Light.ttf in Resources */,
				F304E613A4114CF5B0242812 /* Sono_Proportional-Medium.ttf in Resources */,
				416B35CF1C0E4F92A50155E1 /* Sono_Proportional-Regular.ttf in Resources */,
				37FF0EA3D11943D9BD05AFCC /* Sono_Proportional-SemiBold.ttf in Resources */,
				3485C6A67D104B938BB49842 /* OFL.txt in Resources */,
				A6A6C4A9B537449E8B3B5A66 /* README.txt in Resources */,
			);
			runOnlyForDeploymentPostprocessing = 0;
		};
/* End PBXResourcesBuildPhase section */

/* Begin PBXShellScriptBuildPhase section */
		00DD1BFF1BD5951E006B06BC /* Bundle React Native code and images */ = {
			isa = PBXShellScriptBuildPhase;
			buildActionMask = 2147483647;
			files = (
			);
			inputPaths = (
				"$(SRCROOT)/.xcode.env.local",
				"$(SRCROOT)/.xcode.env",
			);
			name = "Bundle React Native code and images";
			outputPaths = (
			);
			runOnlyForDeploymentPostprocessing = 0;
			shellPath = /bin/sh;
			shellScript = "set -e\n\nWITH_ENVIRONMENT=\"../node_modules/react-native/scripts/xcode/with-environment.sh\"\nREACT_NATIVE_XCODE=\"../node_modules/react-native/scripts/react-native-xcode.sh\"\n\n/bin/sh -c \"$WITH_ENVIRONMENT $REACT_NATIVE_XCODE\"\n";
		};
		00EEFC60759A1932668264C0 /* [CP] Embed Pods Frameworks */ = {
			isa = PBXShellScriptBuildPhase;
			buildActionMask = 2147483647;
			files = (
			);
			inputFileListPaths = (
				"${PODS_ROOT}/Target Support Files/Pods-ASM_PH34273_CRO102/Pods-ASM_PH34273_CRO102-frameworks-${CONFIGURATION}-input-files.xcfilelist",
			);
			name = "[CP] Embed Pods Frameworks";
			outputFileListPaths = (
				"${PODS_ROOT}/Target Support Files/Pods-ASM_PH34273_CRO102/Pods-ASM_PH34273_CRO102-frameworks-${CONFIGURATION}-output-files.xcfilelist",
			);
			runOnlyForDeploymentPostprocessing = 0;
			shellPath = /bin/sh;
			shellScript = "\"${PODS_ROOT}/Target Support Files/Pods-ASM_PH34273_CRO102/Pods-ASM_PH34273_CRO102-frameworks.sh\"\n";
			showEnvVarsInLog = 0;
		};
		A55EABD7B0C7F3A422A6CC61 /* [CP] Check Pods Manifest.lock */ = {
			isa = PBXShellScriptBuildPhase;
			buildActionMask = 2147483647;
			files = (
			);
			inputFileListPaths = (
			);
			inputPaths = (
				"${PODS_PODFILE_DIR_PATH}/Podfile.lock",
				"${PODS_ROOT}/Manifest.lock",
			);
			name = "[CP] Check Pods Manifest.lock";
			outputFileListPaths = (
			);
			outputPaths = (
				"$(DERIVED_FILE_DIR)/Pods-ASM_PH34273_CRO102-ASM_PH34273_CRO102Tests-checkManifestLockResult.txt",
			);
			runOnlyForDeploymentPostprocessing = 0;
			shellPath = /bin/sh;
			shellScript = "diff \"${PODS_PODFILE_DIR_PATH}/Podfile.lock\" \"${PODS_ROOT}/Manifest.lock\" > /dev/null\nif [ $? != 0 ] ; then\n    # print error to STDERR\n    echo \"error: The sandbox is not in sync with the Podfile.lock. Run 'pod install' or update your CocoaPods installation.\" >&2\n    exit 1\nfi\n# This output is used by Xcode 'outputs' to avoid re-running this script phase.\necho \"SUCCESS\" > \"${SCRIPT_OUTPUT_FILE_0}\"\n";
			showEnvVarsInLog = 0;
		};
		C38B50BA6285516D6DCD4F65 /* [CP] Check Pods Manifest.lock */ = {
			isa = PBXShellScriptBuildPhase;
			buildActionMask = 2147483647;
			files = (
			);
			inputFileListPaths = (
			);
			inputPaths = (
				"${PODS_PODFILE_DIR_PATH}/Podfile.lock",
				"${PODS_ROOT}/Manifest.lock",
			);
			name = "[CP] Check Pods Manifest.lock";
			outputFileListPaths = (
			);
			outputPaths = (
				"$(DERIVED_FILE_DIR)/Pods-ASM_PH34273_CRO102-checkManifestLockResult.txt",
			);
			runOnlyForDeploymentPostprocessing = 0;
			shellPath = /bin/sh;
			shellScript = "diff \"${PODS_PODFILE_DIR_PATH}/Podfile.lock\" \"${PODS_ROOT}/Manifest.lock\" > /dev/null\nif [ $? != 0 ] ; then\n    # print error to STDERR\n    echo \"error: The sandbox is not in sync with the Podfile.lock. Run 'pod install' or update your CocoaPods installation.\" >&2\n    exit 1\nfi\n# This output is used by Xcode 'outputs' to avoid re-running this script phase.\necho \"SUCCESS\" > \"${SCRIPT_OUTPUT_FILE_0}\"\n";
			showEnvVarsInLog = 0;
		};
		C59DA0FBD6956966B86A3779 /* [CP] Embed Pods Frameworks */ = {
			isa = PBXShellScriptBuildPhase;
			buildActionMask = 2147483647;
			files = (
			);
			inputFileListPaths = (
				"${PODS_ROOT}/Target Support Files/Pods-ASM_PH34273_CRO102-ASM_PH34273_CRO102Tests/Pods-ASM_PH34273_CRO102-ASM_PH34273_CRO102Tests-frameworks-${CONFIGURATION}-input-files.xcfilelist",
			);
			name = "[CP] Embed Pods Frameworks";
			outputFileListPaths = (
				"${PODS_ROOT}/Target Support Files/Pods-ASM_PH34273_CRO102-ASM_PH34273_CRO102Tests/Pods-ASM_PH34273_CRO102-ASM_PH34273_CRO102Tests-frameworks-${CONFIGURATION}-output-files.xcfilelist",
			);
			runOnlyForDeploymentPostprocessing = 0;
			shellPath = /bin/sh;
			shellScript = "\"${PODS_ROOT}/Target Support Files/Pods-ASM_PH34273_CRO102-ASM_PH34273_CRO102Tests/Pods-ASM_PH34273_CRO102-ASM_PH34273_CRO102Tests-frameworks.sh\"\n";
			showEnvVarsInLog = 0;
		};
		E235C05ADACE081382539298 /* [CP] Copy Pods Resources */ = {
			isa = PBXShellScriptBuildPhase;
			buildActionMask = 2147483647;
			files = (
			);
			inputFileListPaths = (
				"${PODS_ROOT}/Target Support Files/Pods-ASM_PH34273_CRO102/Pods-ASM_PH34273_CRO102-resources-${CONFIGURATION}-input-files.xcfilelist",
			);
			name = "[CP] Copy Pods Resources";
			outputFileListPaths = (
				"${PODS_ROOT}/Target Support Files/Pods-ASM_PH34273_CRO102/Pods-ASM_PH34273_CRO102-resources-${CONFIGURATION}-output-files.xcfilelist",
			);
			runOnlyForDeploymentPostprocessing = 0;
			shellPath = /bin/sh;
			shellScript = "\"${PODS_ROOT}/Target Support Files/Pods-ASM_PH34273_CRO102/Pods-ASM_PH34273_CRO102-resources.sh\"\n";
			showEnvVarsInLog = 0;
		};
		F6A41C54EA430FDDC6A6ED99 /* [CP] Copy Pods Resources */ = {
			isa = PBXShellScriptBuildPhase;
			buildActionMask = 2147483647;
			files = (
			);
			inputFileListPaths = (
				"${PODS_ROOT}/Target Support Files/Pods-ASM_PH34273_CRO102-ASM_PH34273_CRO102Tests/Pods-ASM_PH34273_CRO102-ASM_PH34273_CRO102Tests-resources-${CONFIGURATION}-input-files.xcfilelist",
			);
			name = "[CP] Copy Pods Resources";
			outputFileListPaths = (
				"${PODS_ROOT}/Target Support Files/Pods-ASM_PH34273_CRO102-ASM_PH34273_CRO102Tests/Pods-ASM_PH34273_CRO102-ASM_PH34273_CRO102Tests-resources-${CONFIGURATION}-output-files.xcfilelist",
			);
			runOnlyForDeploymentPostprocessing = 0;
			shellPath = /bin/sh;
			shellScript = "\"${PODS_ROOT}/Target Support Files/Pods-ASM_PH34273_CRO102-ASM_PH34273_CRO102Tests/Pods-ASM_PH34273_CRO102-ASM_PH34273_CRO102Tests-resources.sh\"\n";
			showEnvVarsInLog = 0;
		};
/* End PBXShellScriptBuildPhase section */

/* Begin PBXSourcesBuildPhase section */
		00E356EA1AD99517003FC87E /* Sources */ = {
			isa = PBXSourcesBuildPhase;
			buildActionMask = 2147483647;
			files = (
				00E356F31AD99517003FC87E /* ASM_PH34273_CRO102Tests.m in Sources */,
			);
			runOnlyForDeploymentPostprocessing = 0;
		};
		13B07F871A680F5B00A75B9A /* Sources */ = {
			isa = PBXSourcesBuildPhase;
			buildActionMask = 2147483647;
			files = (
				13B07FBC1A68108700A75B9A /* AppDelegate.mm in Sources */,
				13B07FC11A68108700A75B9A /* main.m in Sources */,
			);
			runOnlyForDeploymentPostprocessing = 0;
		};
/* End PBXSourcesBuildPhase section */

/* Begin PBXTargetDependency section */
		00E356F51AD99517003FC87E /* PBXTargetDependency */ = {
			isa = PBXTargetDependency;
			target = 13B07F861A680F5B00A75B9A /* ASM_PH34273_CRO102 */;
			targetProxy = 00E356F41AD99517003FC87E /* PBXContainerItemProxy */;
		};
/* End PBXTargetDependency section */

/* Begin XCBuildConfiguration section */
		00E356F61AD99517003FC87E /* Debug */ = {
			isa = XCBuildConfiguration;
			baseConfigurationReference = 5B7EB9410499542E8C5724F5 /* Pods-ASM_PH34273_CRO102-ASM_PH34273_CRO102Tests.debug.xcconfig */;
			buildSettings = {
				BUNDLE_LOADER = "$(TEST_HOST)";
				GCC_PREPROCESSOR_DEFINITIONS = (
					"DEBUG=1",
					"$(inherited)",
				);
				INFOPLIST_FILE = ASM_PH34273_CRO102Tests/Info.plist;
				IPHONEOS_DEPLOYMENT_TARGET = 13.4;
				LD_RUNPATH_SEARCH_PATHS = (
					"$(inherited)",
					"@executable_path/Frameworks",
					"@loader_path/Frameworks",
				);
				OTHER_LDFLAGS = (
					"-ObjC",
					"-lc++",
					"$(inherited)",
				);
				PRODUCT_BUNDLE_IDENTIFIER = "org.reactjs.native.example.$(PRODUCT_NAME:rfc1034identifier)";
				PRODUCT_NAME = "$(TARGET_NAME)";
				TEST_HOST = "$(BUILT_PRODUCTS_DIR)/ASM_PH34273_CRO102.app/ASM_PH34273_CRO102";
			};
			name = Debug;
		};
		00E356F71AD99517003FC87E /* Release */ = {
			isa = XCBuildConfiguration;
			baseConfigurationReference = 89C6BE57DB24E9ADA2F236DE /* Pods-ASM_PH34273_CRO102-ASM_PH34273_CRO102Tests.release.xcconfig */;
			buildSettings = {
				BUNDLE_LOADER = "$(TEST_HOST)";
				COPY_PHASE_STRIP = NO;
				INFOPLIST_FILE = ASM_PH34273_CRO102Tests/Info.plist;
				IPHONEOS_DEPLOYMENT_TARGET = 13.4;
				LD_RUNPATH_SEARCH_PATHS = (
					"$(inherited)",
					"@executable_path/Frameworks",
					"@loader_path/Frameworks",
				);
				OTHER_LDFLAGS = (
					"-ObjC",
					"-lc++",
					"$(inherited)",
				);
				PRODUCT_BUNDLE_IDENTIFIER = "org.reactjs.native.example.$(PRODUCT_NAME:rfc1034identifier)";
				PRODUCT_NAME = "$(TARGET_NAME)";
				TEST_HOST = "$(BUILT_PRODUCTS_DIR)/ASM_PH34273_CRO102.app/ASM_PH34273_CRO102";
			};
			name = Release;
		};
		13B07F941A680F5B00A75B9A /* Debug */ = {
			isa = XCBuildConfiguration;
			baseConfigurationReference = 3B4392A12AC88292D35C810B /* Pods-ASM_PH34273_CRO102.debug.xcconfig */;
			buildSettings = {
				ASSETCATALOG_COMPILER_APPICON_NAME = AppIcon;
				CLANG_ENABLE_MODULES = YES;
				CURRENT_PROJECT_VERSION = 1;
				ENABLE_BITCODE = NO;
				INFOPLIST_FILE = ASM_PH34273_CRO102/Info.plist;
				LD_RUNPATH_SEARCH_PATHS = (
					"$(inherited)",
					"@executable_path/Frameworks",
				);
				MARKETING_VERSION = 1.0;
				OTHER_LDFLAGS = (
					"$(inherited)",
					"-ObjC",
					"-lc++",
				);
				PRODUCT_BUNDLE_IDENTIFIER = "org.reactjs.native.example.$(PRODUCT_NAME:rfc1034identifier)";
				PRODUCT_NAME = ASM_PH34273_CRO102;
				SWIFT_OPTIMIZATION_LEVEL = "-Onone";
				SWIFT_VERSION = 5.0;
				VERSIONING_SYSTEM = "apple-generic";
			};
			name = Debug;
		};
		13B07F951A680F5B00A75B9A /* Release */ = {
			isa = XCBuildConfiguration;
			baseConfigurationReference = 5709B34CF0A7D63546082F79 /* Pods-ASM_PH34273_CRO102.release.xcconfig */;
			buildSettings = {
				ASSETCATALOG_COMPILER_APPICON_NAME = AppIcon;
				CLANG_ENABLE_MODULES = YES;
				CURRENT_PROJECT_VERSION = 1;
				INFOPLIST_FILE = ASM_PH34273_CRO102/Info.plist;
				LD_RUNPATH_SEARCH_PATHS = (
					"$(inherited)",
					"@executable_path/Frameworks",
				);
				MARKETING_VERSION = 1.0;
				OTHER_LDFLAGS = (
					"$(inherited)",
					"-ObjC",
					"-lc++",
				);
				PRODUCT_BUNDLE_IDENTIFIER = "org.reactjs.native.example.$(PRODUCT_NAME:rfc1034identifier)";
				PRODUCT_NAME = ASM_PH34273_CRO102;
				SWIFT_VERSION = 5.0;
				VERSIONING_SYSTEM = "apple-generic";
			};
			name = Release;
		};
		83CBBA201A601CBA00E9B192 /* Debug */ = {
			isa = XCBuildConfiguration;
			buildSettings = {
				ALWAYS_SEARCH_USER_PATHS = NO;
				CLANG_ANALYZER_LOCALIZABILITY_NONLOCALIZED = YES;
				CLANG_CXX_LANGUAGE_STANDARD = "c++20";
				CLANG_CXX_LIBRARY = "libc++";
				CLANG_ENABLE_MODULES = YES;
				CLANG_ENABLE_OBJC_ARC = YES;
				CLANG_WARN_BLOCK_CAPTURE_AUTORELEASING = YES;
				CLANG_WARN_BOOL_CONVERSION = YES;
				CLANG_WARN_COMMA = YES;
				CLANG_WARN_CONSTANT_CONVERSION = YES;
				CLANG_WARN_DEPRECATED_OBJC_IMPLEMENTATIONS = YES;
				CLANG_WARN_DIRECT_OBJC_ISA_USAGE = YES_ERROR;
				CLANG_WARN_EMPTY_BODY = YES;
				CLANG_WARN_ENUM_CONVERSION = YES;
				CLANG_WARN_INFINITE_RECURSION = YES;
				CLANG_WARN_INT_CONVERSION = YES;
				CLANG_WARN_NON_LITERAL_NULL_CONVERSION = YES;
				CLANG_WARN_OBJC_IMPLICIT_RETAIN_SELF = YES;
				CLANG_WARN_OBJC_LITERAL_CONVERSION = YES;
				CLANG_WARN_OBJC_ROOT_CLASS = YES_ERROR;
				CLANG_WARN_QUOTED_INCLUDE_IN_FRAMEWORK_HEADER = YES;
				CLANG_WARN_RANGE_LOOP_ANALYSIS = YES;
				CLANG_WARN_STRICT_PROTOTYPES = YES;
				CLANG_WARN_SUSPICIOUS_MOVE = YES;
				CLANG_WARN_UNREACHABLE_CODE = YES;
				CLANG_WARN__DUPLICATE_METHOD_MATCH = YES;
				"CODE_SIGN_IDENTITY[sdk=iphoneos*]" = "iPhone Developer";
				COPY_PHASE_STRIP = NO;
				ENABLE_STRICT_OBJC_MSGSEND = YES;
				ENABLE_TESTABILITY = YES;
				"EXCLUDED_ARCHS[sdk=iphonesimulator*]" = "";
				GCC_C_LANGUAGE_STANDARD = gnu99;
				GCC_DYNAMIC_NO_PIC = NO;
				GCC_NO_COMMON_BLOCKS = YES;
				GCC_OPTIMIZATION_LEVEL = 0;
				GCC_PREPROCESSOR_DEFINITIONS = (
					"DEBUG=1",
					"$(inherited)",
				);
				GCC_SYMBOLS_PRIVATE_EXTERN = NO;
				GCC_WARN_64_TO_32_BIT_CONVERSION = YES;
				GCC_WARN_ABOUT_RETURN_TYPE = YES_ERROR;
				GCC_WARN_UNDECLARED_SELECTOR = YES;
				GCC_WARN_UNINITIALIZED_AUTOS = YES_AGGRESSIVE;
				GCC_WARN_UNUSED_FUNCTION = YES;
				GCC_WARN_UNUSED_VARIABLE = YES;
				IPHONEOS_DEPLOYMENT_TARGET = 13.4;
				LD_RUNPATH_SEARCH_PATHS = (
					/usr/lib/swift,
					"$(inherited)",
				);
				LIBRARY_SEARCH_PATHS = (
					"\"$(SDKROOT)/usr/lib/swift\"",
					"\"$(TOOLCHAIN_DIR)/usr/lib/swift/$(PLATFORM_NAME)\"",
					"\"$(inherited)\"",
				);
				MTL_ENABLE_DEBUG_INFO = YES;
				ONLY_ACTIVE_ARCH = YES;
				OTHER_CPLUSPLUSFLAGS = (
					"$(OTHER_CFLAGS)",
					"-DFOLLY_NO_CONFIG",
					"-DFOLLY_MOBILE=1",
					"-DFOLLY_USE_LIBCPP=1",
					"-DFOLLY_CFG_NO_COROUTINES=1",
				);
				SDKROOT = iphoneos;
			};
			name = Debug;
		};
		83CBBA211A601CBA00E9B192 /* Release */ = {
			isa = XCBuildConfiguration;
			buildSettings = {
				ALWAYS_SEARCH_USER_PATHS = NO;
				CLANG_ANALYZER_LOCALIZABILITY_NONLOCALIZED = YES;
				CLANG_CXX_LANGUAGE_STANDARD = "c++20";
				CLANG_CXX_LIBRARY = "libc++";
				CLANG_ENABLE_MODULES = YES;
				CLANG_ENABLE_OBJC_ARC = YES;
				CLANG_WARN_BLOCK_CAPTURE_AUTORELEASING = YES;
				CLANG_WARN_BOOL_CONVERSION = YES;
				CLANG_WARN_COMMA = YES;
				CLANG_WARN_CONSTANT_CONVERSION = YES;
				CLANG_WARN_DEPRECATED_OBJC_IMPLEMENTATIONS = YES;
				CLANG_WARN_DIRECT_OBJC_ISA_USAGE = YES_ERROR;
				CLANG_WARN_EMPTY_BODY = YES;
				CLANG_WARN_ENUM_CONVERSION = YES;
				CLANG_WARN_INFINITE_RECURSION = YES;
				CLANG_WARN_INT_CONVERSION = YES;
				CLANG_WARN_NON_LITERAL_NULL_CONVERSION = YES;
				CLANG_WARN_OBJC_IMPLICIT_RETAIN_SELF = YES;
				CLANG_WARN_OBJC_LITERAL_CONVERSION = YES;
				CLANG_WARN_OBJC_ROOT_CLASS = YES_ERROR;
				CLANG_WARN_QUOTED_INCLUDE_IN_FRAMEWORK_HEADER = YES;
				CLANG_WARN_RANGE_LOOP_ANALYSIS = YES;
				CLANG_WARN_STRICT_PROTOTYPES = YES;
				CLANG_WARN_SUSPICIOUS_MOVE = YES;
				CLANG_WARN_UNREACHABLE_CODE = YES;
				CLANG_WARN__DUPLICATE_METHOD_MATCH = YES;
				"CODE_SIGN_IDENTITY[sdk=iphoneos*]" = "iPhone Developer";
				COPY_PHASE_STRIP = YES;
				ENABLE_NS_ASSERTIONS = NO;
				ENABLE_STRICT_OBJC_MSGSEND = YES;
				"EXCLUDED_ARCHS[sdk=iphonesimulator*]" = "";
				GCC_C_LANGUAGE_STANDARD = gnu99;
				GCC_NO_COMMON_BLOCKS = YES;
				GCC_WARN_64_TO_32_BIT_CONVERSION = YES;
				GCC_WARN_ABOUT_RETURN_TYPE = YES_ERROR;
				GCC_WARN_UNDECLARED_SELECTOR = YES;
				GCC_WARN_UNINITIALIZED_AUTOS = YES_AGGRESSIVE;
				GCC_WARN_UNUSED_FUNCTION = YES;
				GCC_WARN_UNUSED_VARIABLE = YES;
				IPHONEOS_DEPLOYMENT_TARGET = 13.4;
				LD_RUNPATH_SEARCH_PATHS = (
					/usr/lib/swift,
					"$(inherited)",
				);
				LIBRARY_SEARCH_PATHS = (
					"\"$(SDKROOT)/usr/lib/swift\"",
					"\"$(TOOLCHAIN_DIR)/usr/lib/swift/$(PLATFORM_NAME)\"",
					"\"$(inherited)\"",
				);
				MTL_ENABLE_DEBUG_INFO = NO;
				OTHER_CPLUSPLUSFLAGS = (
					"$(OTHER_CFLAGS)",
					"-DFOLLY_NO_CONFIG",
					"-DFOLLY_MOBILE=1",
					"-DFOLLY_USE_LIBCPP=1",
					"-DFOLLY_CFG_NO_COROUTINES=1",
				);
				SDKROOT = iphoneos;
				VALIDATE_PRODUCT = YES;
			};
			name = Release;
		};
/* End XCBuildConfiguration section */

/* Begin XCConfigurationList section */
		00E357021AD99517003FC87E /* Build configuration list for PBXNativeTarget "ASM_PH34273_CRO102Tests" */ = {
			isa = XCConfigurationList;
			buildConfigurations = (
				00E356F61AD99517003FC87E /* Debug */,
				00E356F71AD99517003FC87E /* Release */,
			);
			defaultConfigurationIsVisible = 0;
			defaultConfigurationName = Release;
		};
		13B07F931A680F5B00A75B9A /* Build configuration list for PBXNativeTarget "ASM_PH34273_CRO102" */ = {
			isa = XCConfigurationList;
			buildConfigurations = (
				13B07F941A680F5B00A75B9A /* Debug */,
				13B07F951A680F5B00A75B9A /* Release */,
			);
			defaultConfigurationIsVisible = 0;
			defaultConfigurationName = Release;
		};
		83CBB9FA1A601CBA00E9B192 /* Build configuration list for PBXProject "ASM_PH34273_CRO102" */ = {
			isa = XCConfigurationList;
			buildConfigurations = (
				83CBBA201A601CBA00E9B192 /* Debug */,
				83CBBA211A601CBA00E9B192 /* Release */,
			);
			defaultConfigurationIsVisible = 0;
			defaultConfigurationName = Release;
		};
/* End XCConfigurationList section */
	};
	rootObject = 83CBB9F71A601CBA00E9B192 /* Project object */;
}
